// !$*UTF8*$!
{
	archiveVersion = 1;
	classes = {
	};
	objectVersion = 46;
	objects = {

/* Begin PBXBuildFile section */
		8497DF8B19DBF27B00BBF001 /* AppDelegate.swift in Sources */ = {isa = PBXBuildFile; fileRef = 8497DF8A19DBF27B00BBF001 /* AppDelegate.swift */; };
		8497DF8D19DBF27B00BBF001 /* ViewController.swift in Sources */ = {isa = PBXBuildFile; fileRef = 8497DF8C19DBF27B00BBF001 /* ViewController.swift */; };
		8497DF9019DBF27B00BBF001 /* Main.storyboard in Resources */ = {isa = PBXBuildFile; fileRef = 8497DF8E19DBF27B00BBF001 /* Main.storyboard */; };
		8497DF9219DBF27B00BBF001 /* Images.xcassets in Resources */ = {isa = PBXBuildFile; fileRef = 8497DF9119DBF27B00BBF001 /* Images.xcassets */; };
		8497DF9519DBF27B00BBF001 /* LaunchScreen.xib in Resources */ = {isa = PBXBuildFile; fileRef = 8497DF9319DBF27B00BBF001 /* LaunchScreen.xib */; };
		8497DFA119DBF27B00BBF001 /* pendulumswiftTests.swift in Sources */ = {isa = PBXBuildFile; fileRef = 8497DFA019DBF27B00BBF001 /* pendulumswiftTests.swift */; };
		8497DFAB19DBF2A000BBF001 /* pendulum.png in Resources */ = {isa = PBXBuildFile; fileRef = 8497DFAA19DBF2A000BBF001 /* pendulum.png */; };
/* End PBXBuildFile section */

/* Begin PBXContainerItemProxy section */
		8497DF9B19DBF27B00BBF001 /* PBXContainerItemProxy */ = {
			isa = PBXContainerItemProxy;
			containerPortal = 8497DF7D19DBF27B00BBF001 /* Project object */;
			proxyType = 1;
			remoteGlobalIDString = 8497DF8419DBF27B00BBF001;
			remoteInfo = pendulumswift;
		};
/* End PBXContainerItemProxy section */

/* Begin PBXFileReference section */
		8497DF8519DBF27B00BBF001 /* pendulumswift.app */ = {isa = PBXFileReference; explicitFileType = wrapper.application; includeInIndex = 0; path = pendulumswift.app; sourceTree = BUILT_PRODUCTS_DIR; };
		8497DF8919DBF27B00BBF001 /* Info.plist */ = {isa = PBXFileReference; lastKnownFileType = text.plist.xml; path = Info.plist; sourceTree = "<group>"; };
		8497DF8A19DBF27B00BBF001 /* AppDelegate.swift */ = {isa = PBXFileReference; lastKnownFileType = sourcecode.swift; path = AppDelegate.swift; sourceTree = "<group>"; };
		8497DF8C19DBF27B00BBF001 /* ViewController.swift */ = {isa = PBXFileReference; lastKnownFileType = sourcecode.swift; path = ViewController.swift; sourceTree = "<group>"; };
		8497DF8F19DBF27B00BBF001 /* Base */ = {isa = PBXFileReference; lastKnownFileType = file.storyboard; name = Base; path = Base.lproj/Main.storyboard; sourceTree = "<group>"; };
		8497DF9119DBF27B00BBF001 /* Images.xcassets */ = {isa = PBXFileReference; lastKnownFileType = folder.assetcatalog; path = Images.xcassets; sourceTree = "<group>"; };
		8497DF9419DBF27B00BBF001 /* Base */ = {isa = PBXFileReference; lastKnownFileType = file.xib; name = Base; path = Base.lproj/LaunchScreen.xib; sourceTree = "<group>"; };
		8497DF9A19DBF27B00BBF001 /* pendulumswiftTests.xctest */ = {isa = PBXFileReference; explicitFileType = wrapper.cfbundle; includeInIndex = 0; path = pendulumswiftTests.xctest; sourceTree = BUILT_PRODUCTS_DIR; };
		8497DF9F19DBF27B00BBF001 /* Info.plist */ = {isa = PBXFileReference; lastKnownFileType = text.plist.xml; path = Info.plist; sourceTree = "<group>"; };
		8497DFA019DBF27B00BBF001 /* pendulumswiftTests.swift */ = {isa = PBXFileReference; lastKnownFileType = sourcecode.swift; path = pendulumswiftTests.swift; sourceTree = "<group>"; };
		8497DFAA19DBF2A000BBF001 /* pendulum.png */ = {isa = PBXFileReference; lastKnownFileType = image.png; path = pendulum.png; sourceTree = "<group>"; };
/* End PBXFileReference section */

/* Begin PBXFrameworksBuildPhase section */
		8497DF8219DBF27B00BBF001 /* Frameworks */ = {
			isa = PBXFrameworksBuildPhase;
			buildActionMask = 2147483647;
			files = (
			);
			runOnlyForDeploymentPostprocessing = 0;
		};
		8497DF9719DBF27B00BBF001 /* Frameworks */ = {
			isa = PBXFrameworksBuildPhase;
			buildActionMask = 2147483647;
			files = (
			);
			runOnlyForDeploymentPostprocessing = 0;
		};
/* End PBXFrameworksBuildPhase section */

/* Begin PBXGroup section */
		8497DF7C19DBF27B00BBF001 = {
			isa = PBXGroup;
			children = (
				8497DF8719DBF27B00BBF001 /* pendulumswift */,
				8497DF9D19DBF27B00BBF001 /* pendulumswiftTests */,
				8497DF8619DBF27B00BBF001 /* Products */,
			);
			sourceTree = "<group>";
		};
		8497DF8619DBF27B00BBF001 /* Products */ = {
			isa = PBXGroup;
			children = (
				8497DF8519DBF27B00BBF001 /* pendulumswift.app */,
				8497DF9A19DBF27B00BBF001 /* pendulumswiftTests.xctest */,
			);
			name = Products;
			sourceTree = "<group>";
		};
		8497DF8719DBF27B00BBF001 /* pendulumswift */ = {
			isa = PBXGroup;
			children = (
				8497DFAA19DBF2A000BBF001 /* pendulum.png */,
				8497DF8A19DBF27B00BBF001 /* AppDelegate.swift */,
				8497DF8C19DBF27B00BBF001 /* ViewController.swift */,
				8497DF8E19DBF27B00BBF001 /* Main.storyboard */,
				8497DF9119DBF27B00BBF001 /* Images.xcassets */,
				8497DF9319DBF27B00BBF001 /* LaunchScreen.xib */,
				8497DF8819DBF27B00BBF001 /* Supporting Files */,
			);
			path = pendulumswift;
			sourceTree = "<group>";
		};
		8497DF8819DBF27B00BBF001 /* Supporting Files */ = {
			isa = PBXGroup;
			children = (
				8497DF8919DBF27B00BBF001 /* Info.plist */,
			);
			name = "Supporting Files";
			sourceTree = "<group>";
		};
		8497DF9D19DBF27B00BBF001 /* pendulumswiftTests */ = {
			isa = PBXGroup;
			children = (
				8497DFA019DBF27B00BBF001 /* pendulumswiftTests.swift */,
				8497DF9E19DBF27B00BBF001 /* Supporting Files */,
			);
			path = pendulumswiftTests;
			sourceTree = "<group>";
		};
		8497DF9E19DBF27B00BBF001 /* Supporting Files */ = {
			isa = PBXGroup;
			children = (
				8497DF9F19DBF27B00BBF001 /* Info.plist */,
			);
			name = "Supporting Files";
			sourceTree = "<group>";
		};
/* End PBXGroup section */

/* Begin PBXNativeTarget section */
		8497DF8419DBF27B00BBF001 /* pendulumswift */ = {
			isa = PBXNativeTarget;
			buildConfigurationList = 8497DFA419DBF27B00BBF001 /* Build configuration list for PBXNativeTarget "pendulumswift" */;
			buildPhases = (
				8497DF8119DBF27B00BBF001 /* Sources */,
				8497DF8219DBF27B00BBF001 /* Frameworks */,
				8497DF8319DBF27B00BBF001 /* Resources */,
			);
			buildRules = (
			);
			dependencies = (
			);
			name = pendulumswift;
			productName = pendulumswift;
			productReference = 8497DF8519DBF27B00BBF001 /* pendulumswift.app */;
			productType = "com.apple.product-type.application";
		};
		8497DF9919DBF27B00BBF001 /* pendulumswiftTests */ = {
			isa = PBXNativeTarget;
			buildConfigurationList = 8497DFA719DBF27B00BBF001 /* Build configuration list for PBXNativeTarget "pendulumswiftTests" */;
			buildPhases = (
				8497DF9619DBF27B00BBF001 /* Sources */,
				8497DF9719DBF27B00BBF001 /* Frameworks */,
				8497DF9819DBF27B00BBF001 /* Resources */,
			);
			buildRules = (
			);
			dependencies = (
				8497DF9C19DBF27B00BBF001 /* PBXTargetDependency */,
			);
			name = pendulumswiftTests;
			productName = pendulumswiftTests;
			productReference = 8497DF9A19DBF27B00BBF001 /* pendulumswiftTests.xctest */;
			productType = "com.apple.product-type.bundle.unit-test";
		};
/* End PBXNativeTarget section */

/* Begin PBXProject section */
		8497DF7D19DBF27B00BBF001 /* Project object */ = {
			isa = PBXProject;
			attributes = {
				LastUpgradeCheck = 0600;
				ORGANIZATIONNAME = VietMinsk;
				TargetAttributes = {
					8497DF8419DBF27B00BBF001 = {
						CreatedOnToolsVersion = 6.0;
					};
					8497DF9919DBF27B00BBF001 = {
						CreatedOnToolsVersion = 6.0;
						TestTargetID = 8497DF8419DBF27B00BBF001;
					};
				};
			};
			buildConfigurationList = 8497DF8019DBF27B00BBF001 /* Build configuration list for PBXProject "pendulumswift" */;
			compatibilityVersion = "Xcode 3.2";
			developmentRegion = English;
			hasScannedForEncodings = 0;
			knownRegions = (
				en,
				Base,
			);
			mainGroup = 8497DF7C19DBF27B00BBF001;
			productRefGroup = 8497DF8619DBF27B00BBF001 /* Products */;
			projectDirPath = "";
			projectRoot = "";
			targets = (
				8497DF8419DBF27B00BBF001 /* pendulumswift */,
				8497DF9919DBF27B00BBF001 /* pendulumswiftTests */,
			);
		};
/* End PBXProject section */

/* Begin PBXResourcesBuildPhase section */
		8497DF8319DBF27B00BBF001 /* Resources */ = {
			isa = PBXResourcesBuildPhase;
			buildActionMask = 2147483647;
			files = (
				8497DF9019DBF27B00BBF001 /* Main.storyboard in Resources */,
				8497DFAB19DBF2A000BBF001 /* pendulum.png in Resources */,
				8497DF9519DBF27B00BBF001 /* LaunchScreen.xib in Resources */,
				8497DF9219DBF27B00BBF001 /* Images.xcassets in Resources */,
			);
			runOnlyForDeploymentPostprocessing = 0;
		};
		8497DF9819DBF27B00BBF001 /* Resources */ = {
			isa = PBXResourcesBuildPhase;
			buildActionMask = 2147483647;
			files = (
			);
			runOnlyForDeploymentPostprocessing = 0;
		};
/* End PBXResourcesBuildPhase section */

/* Begin PBXSourcesBuildPhase section */
		8497DF8119DBF27B00BBF001 /* Sources */ = {
			isa = PBXSourcesBuildPhase;
			buildActionMask = 2147483647;
			files = (
				8497DF8D19DBF27B00BBF001 /* ViewController.swift in Sources */,
				8497DF8B19DBF27B00BBF001 /* AppDelegate.swift in Sources */,
			);
			runOnlyForDeploymentPostprocessing = 0;
		};
		8497DF9619DBF27B00BBF001 /* Sources */ = {
			isa = PBXSourcesBuildPhase;
			buildActionMask = 2147483647;
			files = (
				8497DFA119DBF27B00BBF001 /* pendulumswiftTests.swift in Sources */,
			);
			runOnlyForDeploymentPostprocessing = 0;
		};
/* End PBXSourcesBuildPhase section */

/* Begin PBXTargetDependency section */
		8497DF9C19DBF27B00BBF001 /* PBXTargetDependency */ = {
			isa = PBXTargetDependency;
			target = 8497DF8419DBF27B00BBF001 /* pendulumswift */;
			targetProxy = 8497DF9B19DBF27B00BBF001 /* PBXContainerItemProxy */;
		};
/* End PBXTargetDependency section */

/* Begin PBXVariantGroup section */
		8497DF8E19DBF27B00BBF001 /* Main.storyboard */ = {
			isa = PBXVariantGroup;
			children = (
				8497DF8F19DBF27B00BBF001 /* Base */,
			);
			name = Main.storyboard;
			sourceTree = "<group>";
		};
		8497DF9319DBF27B00BBF001 /* LaunchScreen.xib */ = {
			isa = PBXVariantGroup;
			children = (
				8497DF9419DBF27B00BBF001 /* Base */,
			);
			name = LaunchScreen.xib;
			sourceTree = "<group>";
		};
/* End PBXVariantGroup section */

/* Begin XCBuildConfiguration section */
		8497DFA219DBF27B00BBF001 /* Debug */ = {
			isa = XCBuildConfiguration;
			buildSettings = {
				ALWAYS_SEARCH_USER_PATHS = NO;
				CLANG_CXX_LANGUAGE_STANDARD = "gnu++0x";
				CLANG_CXX_LIBRARY = "libc++";
				CLANG_ENABLE_MODULES = YES;
				CLANG_ENABLE_OBJC_ARC = YES;
				CLANG_WARN_BOOL_CONVERSION = YES;
				CLANG_WARN_CONSTANT_CONVERSION = YES;
				CLANG_WARN_DIRECT_OBJC_ISA_USAGE = YES_ERROR;
				CLANG_WARN_EMPTY_BODY = YES;
				CLANG_WARN_ENUM_CONVERSION = YES;
				CLANG_WARN_INT_CONVERSION = YES;
				CLANG_WARN_OBJC_ROOT_CLASS = YES_ERROR;
				CLANG_WARN_UNREACHABLE_CODE = YES;
				CLANG_WARN__DUPLICATE_METHOD_MATCH = YES;
				"CODE_SIGN_IDENTITY[sdk=iphoneos*]" = "iPhone Developer";
				COPY_PHASE_STRIP = NO;
				ENABLE_STRICT_OBJC_MSGSEND = YES;
				GCC_C_LANGUAGE_STANDARD = gnu99;
				GCC_DYNAMIC_NO_PIC = NO;
				GCC_OPTIMIZATION_LEVEL = 0;
				GCC_PREPROCESSOR_DEFINITIONS = (
					"DEBUG=1",
					"$(inherited)",
				);
				GCC_SYMBOLS_PRIVATE_EXTERN = NO;
				GCC_WARN_64_TO_32_BIT_CONVERSION = YES;
				GCC_WARN_ABOUT_RETURN_TYPE = YES_ERROR;
				GCC_WARN_UNDECLARED_SELECTOR = YES;
				GCC_WARN_UNINITIALIZED_AUTOS = YES_AGGRESSIVE;
				GCC_WARN_UNUSED_FUNCTION = YES;
				GCC_WARN_UNUSED_VARIABLE = YES;
				IPHONEOS_DEPLOYMENT_TARGET = 8.0;
				MTL_ENABLE_DEBUG_INFO = YES;
				ONLY_ACTIVE_ARCH = YES;
				SDKROOT = iphoneos;
				SWIFT_OPTIMIZATION_LEVEL = "-Onone";
			};
			name = Debug;
		};
		8497DFA319DBF27B00BBF001 /* Release */ = {
			isa = XCBuildConfiguration;
			buildSettings = {
				ALWAYS_SEARCH_USER_PATHS = NO;
				CLANG_CXX_LANGUAGE_STANDARD = "gnu++0x";
				CLANG_CXX_LIBRARY = "libc++";
				CLANG_ENABLE_MODULES = YES;
				CLANG_ENABLE_OBJC_ARC = YES;
				CLANG_WARN_BOOL_CONVERSION = YES;
				CLANG_WARN_CONSTANT_CONVERSION = YES;
				CLANG_WARN_DIRECT_OBJC_ISA_USAGE = YES_ERROR;
				CLANG_WARN_EMPTY_BODY = YES;
				CLANG_WARN_ENUM_CONVERSION = YES;
				CLANG_WARN_INT_CONVERSION = YES;
				CLANG_WARN_OBJC_ROOT_CLASS = YES_ERROR;
				CLANG_WARN_UNREACHABLE_CODE = YES;
				CLANG_WARN__DUPLICATE_METHOD_MATCH = YES;
				"CODE_SIGN_IDENTITY[sdk=iphoneos*]" = "iPhone Developer";
				COPY_PHASE_STRIP = YES;
				ENABLE_NS_ASSERTIONS = NO;
				ENABLE_STRICT_OBJC_MSGSEND = YES;
				GCC_C_LANGUAGE_STANDARD = gnu99;
				GCC_WARN_64_TO_32_BIT_CONVERSION = YES;
				GCC_WARN_ABOUT_RETURN_TYPE = YES_ERROR;
				GCC_WARN_UNDECLARED_SELECTOR = YES;
				GCC_WARN_UNINITIALIZED_AUTOS = YES_AGGRESSIVE;
				GCC_WARN_UNUSED_FUNCTION = YES;
				GCC_WARN_UNUSED_VARIABLE = YES;
				IPHONEOS_DEPLOYMENT_TARGET = 8.0;
				MTL_ENABLE_DEBUG_INFO = NO;
				SDKROOT = iphoneos;
				VALIDATE_PRODUCT = YES;
			};
			name = Release;
		};
		8497DFA519DBF27B00BBF001 /* Debug */ = {
			isa = XCBuildConfiguration;
			buildSettings = {
				ASSETCATALOG_COMPILER_APPICON_NAME = AppIcon;
				INFOPLIST_FILE = pendulumswift/Info.plist;
				LD_RUNPATH_SEARCH_PATHS = "$(inherited) @executable_path/Frameworks";
				PRODUCT_NAME = "$(TARGET_NAME)";
			};
			name = Debug;
		};
		8497DFA619DBF27B00BBF001 /* Release */ = {
			isa = XCBuildConfiguration;
			buildSettings = {
				ASSETCATALOG_COMPILER_APPICON_NAME = AppIcon;
				INFOPLIST_FILE = pendulumswift/Info.plist;
				LD_RUNPATH_SEARCH_PATHS = "$(inherited) @executable_path/Frameworks";
				PRODUCT_NAME = "$(TARGET_NAME)";
			};
			name = Release;
		};
		8497DFA819DBF27B00BBF001 /* Debug */ = {
			isa = XCBuildConfiguration;
			buildSettings = {
				BUNDLE_LOADER = "$(TEST_HOST)";
				FRAMEWORK_SEARCH_PATHS = (
					"$(SDKROOT)/Developer/Library/Frameworks",
					"$(inherited)",
				);
				GCC_PREPROCESSOR_DEFINITIONS = (
					"DEBUG=1",
					"$(inherited)",
				);
				INFOPLIST_FILE = pendulumswiftTests/Info.plist;
				LD_RUNPATH_SEARCH_PATHS = "$(inherited) @executable_path/Frameworks @loader_path/Frameworks";
				PRODUCT_NAME = "$(TARGET_NAME)";
				TEST_HOST = "$(BUILT_PRODUCTS_DIR)/pendulumswift.app/pendulumswift";
			};
			name = Debug;
		};
		8497DFA919DBF27B00BBF001 /* Release */ = {
			isa = XCBuildConfiguration;
			buildSettings = {
				BUNDLE_LOADER = "$(TEST_HOST)";
				FRAMEWORK_SEARCH_PATHS = (
					"$(SDKROOT)/Developer/Library/Frameworks",
					"$(inherited)",
				);
				INFOPLIST_FILE = pendulumswiftTests/Info.plist;
				LD_RUNPATH_SEARCH_PATHS = "$(inherited) @executable_path/Frameworks @loader_path/Frameworks";
				PRODUCT_NAME = "$(TARGET_NAME)";
				TEST_HOST = "$(BUILT_PRODUCTS_DIR)/pendulumswift.app/pendulumswift";
			};
			name = Release;
		};
/* End XCBuildConfiguration section */

/* Begin XCConfigurationList section */
		8497DF8019DBF27B00BBF001 /* Build configuration list for PBXProject "pendulumswift" */ = {
			isa = XCConfigurationList;
			buildConfigurations = (
				8497DFA219DBF27B00BBF001 /* Debug */,
				8497DFA319DBF27B00BBF001 /* Release */,
			);
			defaultConfigurationIsVisible = 0;
			defaultConfigurationName = Release;
		};
		8497DFA419DBF27B00BBF001 /* Build configuration list for PBXNativeTarget "pendulumswift" */ = {
			isa = XCConfigurationList;
			buildConfigurations = (
				8497DFA519DBF27B00BBF001 /* Debug */,
				8497DFA619DBF27B00BBF001 /* Release */,
			);
			defaultConfigurationIsVisible = 0;
		};
		8497DFA719DBF27B00BBF001 /* Build configuration list for PBXNativeTarget "pendulumswiftTests" */ = {
			isa = XCConfigurationList;
			buildConfigurations = (
				8497DFA819DBF27B00BBF001 /* Debug */,
				8497DFA919DBF27B00BBF001 /* Release */,
			);
			defaultConfigurationIsVisible = 0;
		};
/* End XCConfigurationList section */
	};
	rootObject = 8497DF7D19DBF27B00BBF001 /* Project object */;
}
